
Microsoft Visual Studio Solution File, Format Version 12.00
# Visual Studio Version 17
VisualStudioVersion = 17.7.34031.279
MinimumVisualStudioVersion = 10.0.40219.1
Project("{9A19103F-16F7-4668-BE54-9A1E7A4F7556}") = "PatronesCreacionales", "PatronesCreacionales\PatronesCreacionales.csproj", "{BEE8F043-13FA-425A-B4EB-20B4332C1004}"
EndProject
Project("{9A19103F-16F7-4668-BE54-9A1E7A4F7556}") = "PatronesEstructurales", "PatronesEstructurales\PatronesEstructurales.csproj", "{B546E921-15E8-477B-9C0B-472BCDE34F8D}"
EndProject
Project("{9A19103F-16F7-4668-BE54-9A1E7A4F7556}") = "PatronesComportamiento", "PatronesComportamiento\PatronesComportamiento.csproj", "{E4279EFA-BE58-41BF-86C3-464142092B67}"
EndProject
Global
	GlobalSection(SolutionConfigurationPlatforms) = preSolution
		Debug|Any CPU = Debug|Any CPU
		Release|Any CPU = Release|Any CPU
	EndGlobalSection
	GlobalSection(ProjectConfigurationPlatforms) = postSolution
		{BEE8F043-13FA-425A-B4EB-20B4332C1004}.Debug|Any CPU.ActiveCfg = Debug|Any CPU
		{BEE8F043-13FA-425A-B4EB-20B4332C1004}.Debug|Any CPU.Build.0 = Debug|Any CPU
		{BEE8F043-13FA-425A-B4EB-20B4332C1004}.Release|Any CPU.ActiveCfg = Release|Any CPU
		{BEE8F043-13FA-425A-B4EB-20B4332C1004}.Release|Any CPU.Build.0 = Release|Any CPU
		{B546E921-15E8-477B-9C0B-472BCDE34F8D}.Debug|Any CPU.ActiveCfg = Debug|Any CPU
		{B546E921-15E8-477B-9C0B-472BCDE34F8D}.Debug|Any CPU.Build.0 = Debug|Any CPU
		{B546E921-15E8-477B-9C0B-472BCDE34F8D}.Release|Any CPU.ActiveCfg = Release|Any CPU
		{B546E921-15E8-477B-9C0B-472BCDE34F8D}.Release|Any CPU.Build.0 = Release|Any CPU
		{E4279EFA-BE58-41BF-86C3-464142092B67}.Debug|Any CPU.ActiveCfg = Debug|Any CPU
		{E4279EFA-BE58-41BF-86C3-464142092B67}.Debug|Any CPU.Build.0 = Debug|Any CPU
		{E4279EFA-BE58-41BF-86C3-464142092B67}.Release|Any CPU.ActiveCfg = Release|Any CPU
		{E4279EFA-BE58-41BF-86C3-464142092B67}.Release|Any CPU.Build.0 = Release|Any CPU
	EndGlobalSection
	GlobalSection(SolutionProperties) = preSolution
		HideSolutionNode = FALSE
	EndGlobalSection
	GlobalSection(ExtensibilityGlobals) = postSolution
		SolutionGuid = {80658088-242D-4C34-A417-B797EE104B81}
	EndGlobalSection
EndGlobal
